{
  "meteor": {},
  "dependencies": {
    "basePackages": {
      "moment": {},
      "autoform": {},
      "bootstrap-datepicker2": {}
    },
    "packages": {
      "moment": {
        "git": "https://github.com/acreeger/meteor-moment.git",
        "tag": "v2.2.1",
        "commit": "9ee12e714afe56b189f53076447b7b54f3012065"
      },
      "autoform": {
        "git": "https://github.com/aldeed/meteor-autoform.git",
        "tag": "v0.4.1",
        "commit": "5f07277746fb8cf9c938ed5c1382348fba8218d7"
      },
      "bootstrap-datepicker2": {
        "git": "https://github.com/deepwell/meteor-bootstrap-datepicker.git",
        "tag": "v1.2.0",
        "commit": "b7de18a7cc651ea665cda75048663f90d1a11d10"
      },
      "simple-schema": {
        "git": "https://github.com/aldeed/meteor-simple-schema.git",
        "tag": "v0.2.16",
        "commit": "fae2b014ffc26dfccd3aab38e45d60dda34fd03c"
      }
    }
  }
}
